
Microsoft Visual Studio Solution File, Format Version 12.00
# Visual Studio 2017
Project("{FAE04EC0-301F-11D3-BF4B-00C04F79EFBC}") = "Assignment01", "Assignment01.csproj", "{24F6BC7D-CF3D-98D0-98E7-40DFFFFF1F95}"
EndProject
Global
	GlobalSection(SolutionConfigurationPlatforms) = preSolution
		Debug|Any CPU = Debug|Any CPU
		Release|Any CPU = Release|Any CPU
	EndGlobalSection
	GlobalSection(ProjectConfigurationPlatforms) = postSolution
		{24F6BC7D-CF3D-98D0-98E7-40DFFFFF1F95}.Debug|Any CPU.ActiveCfg = Debug|Any CPU
		{24F6BC7D-CF3D-98D0-98E7-40DFFFFF1F95}.Debug|Any CPU.Build.0 = Debug|Any CPU
		{24F6BC7D-CF3D-98D0-98E7-40DFFFFF1F95}.Release|Any CPU.ActiveCfg = Release|Any CPU
		{24F6BC7D-CF3D-98D0-98E7-40DFFFFF1F95}.Release|Any CPU.Build.0 = Release|Any CPU
	EndGlobalSection
	GlobalSection(SolutionProperties) = preSolution
		HideSolutionNode = FALSE
	EndGlobalSection
EndGlobal
